
Microsoft Visual Studio Solution File, Format Version 12.00
# Visual Studio Version 16
VisualStudioVersion = 16.0.30717.126
MinimumVisualStudioVersion = 10.0.40219.1
Project("{FAE04EC0-301F-11D3-BF4B-00C04F79EFBC}") = "ImageToWebp", "ImageToWebp\ImageToWebp.csproj", "{7A67C4A2-B523-423D-B423-E4EEB8FCC549}"
EndProject
Global
	GlobalSection(SolutionConfigurationPlatforms) = preSolution
		Debug|Any CPU = Debug|Any CPU
		Release|Any CPU = Release|Any CPU
	EndGlobalSection
	GlobalSection(ProjectConfigurationPlatforms) = postSolution
		{7A67C4A2-B523-423D-B423-E4EEB8FCC549}.Debug|Any CPU.ActiveCfg = Debug|Any CPU
		{7A67C4A2-B523-423D-B423-E4EEB8FCC549}.Debug|Any CPU.Build.0 = Debug|Any CPU
		{7A67C4A2-B523-423D-B423-E4EEB8FCC549}.Release|Any CPU.ActiveCfg = Release|Any CPU
		{7A67C4A2-B523-423D-B423-E4EEB8FCC549}.Release|Any CPU.Build.0 = Release|Any CPU
	EndGlobalSection
	GlobalSection(SolutionProperties) = preSolution
		HideSolutionNode = FALSE
	EndGlobalSection
	GlobalSection(ExtensibilityGlobals) = postSolution
		SolutionGuid = {FE0936B4-4705-4FC4-9FCB-1DF3E17C2067}
	EndGlobalSection
EndGlobal
